// !$*UTF8*$!
{
	archiveVersion = 1;
	classes = {
	};
	objectVersion = 56;
	objects = {

/* Begin PBXBuildFile section */
		36729E29B1395AD9E12BCB64 /* Pods_GetStockPrices.framework in Frameworks */ = {isa = PBXBuildFile; fileRef = 745E8E93ABD5B038B81D4D9D /* Pods_GetStockPrices.framework */; };
		6365847D2945473500A5A61B /* AppDelegate.swift in Sources */ = {isa = PBXBuildFile; fileRef = 6365847C2945473500A5A61B /* AppDelegate.swift */; };
		6365847F2945473500A5A61B /* SceneDelegate.swift in Sources */ = {isa = PBXBuildFile; fileRef = 6365847E2945473500A5A61B /* SceneDelegate.swift */; };
		636584812945473500A5A61B /* ViewController.swift in Sources */ = {isa = PBXBuildFile; fileRef = 636584802945473500A5A61B /* ViewController.swift */; };
		636584842945473500A5A61B /* Main.storyboard in Resources */ = {isa = PBXBuildFile; fileRef = 636584822945473500A5A61B /* Main.storyboard */; };
		636584862945473600A5A61B /* Assets.xcassets in Resources */ = {isa = PBXBuildFile; fileRef = 636584852945473600A5A61B /* Assets.xcassets */; };
		636584892945473600A5A61B /* LaunchScreen.storyboard in Resources */ = {isa = PBXBuildFile; fileRef = 636584872945473600A5A61B /* LaunchScreen.storyboard */; };
		63658491294551B700A5A61B /* DetailsViewController.swift in Sources */ = {isa = PBXBuildFile; fileRef = 63658490294551B700A5A61B /* DetailsViewController.swift */; };
		636584932945568300A5A61B /* CompanyDetail.swift in Sources */ = {isa = PBXBuildFile; fileRef = 636584922945568300A5A61B /* CompanyDetail.swift */; };
/* End PBXBuildFile section */

/* Begin PBXFileReference section */
		1E60D9DAF5FA56CA8E977621 /* Pods-GetStockPrices.release.xcconfig */ = {isa = PBXFileReference; includeInIndex = 1; lastKnownFileType = text.xcconfig; name = "Pods-GetStockPrices.release.xcconfig"; path = "Target Support Files/Pods-GetStockPrices/Pods-GetStockPrices.release.xcconfig"; sourceTree = "<group>"; };
		636584792945473500A5A61B /* GetStockPrices.app */ = {isa = PBXFileReference; explicitFileType = wrapper.application; includeInIndex = 0; path = GetStockPrices.app; sourceTree = BUILT_PRODUCTS_DIR; };
		6365847C2945473500A5A61B /* AppDelegate.swift */ = {isa = PBXFileReference; lastKnownFileType = sourcecode.swift; path = AppDelegate.swift; sourceTree = "<group>"; };
		6365847E2945473500A5A61B /* SceneDelegate.swift */ = {isa = PBXFileReference; lastKnownFileType = sourcecode.swift; path = SceneDelegate.swift; sourceTree = "<group>"; };
		636584802945473500A5A61B /* ViewController.swift */ = {isa = PBXFileReference; lastKnownFileType = sourcecode.swift; path = ViewController.swift; sourceTree = "<group>"; };
		636584832945473500A5A61B /* Base */ = {isa = PBXFileReference; lastKnownFileType = file.storyboard; name = Base; path = Base.lproj/Main.storyboard; sourceTree = "<group>"; };
		636584852945473600A5A61B /* Assets.xcassets */ = {isa = PBXFileReference; lastKnownFileType = folder.assetcatalog; path = Assets.xcassets; sourceTree = "<group>"; };
		636584882945473600A5A61B /* Base */ = {isa = PBXFileReference; lastKnownFileType = file.storyboard; name = Base; path = Base.lproj/LaunchScreen.storyboard; sourceTree = "<group>"; };
		6365848A2945473600A5A61B /* Info.plist */ = {isa = PBXFileReference; lastKnownFileType = text.plist.xml; path = Info.plist; sourceTree = "<group>"; };
		63658490294551B700A5A61B /* DetailsViewController.swift */ = {isa = PBXFileReference; lastKnownFileType = sourcecode.swift; path = DetailsViewController.swift; sourceTree = "<group>"; };
		636584922945568300A5A61B /* CompanyDetail.swift */ = {isa = PBXFileReference; lastKnownFileType = sourcecode.swift; path = CompanyDetail.swift; sourceTree = "<group>"; };
		745E8E93ABD5B038B81D4D9D /* Pods_GetStockPrices.framework */ = {isa = PBXFileReference; explicitFileType = wrapper.framework; includeInIndex = 0; path = Pods_GetStockPrices.framework; sourceTree = BUILT_PRODUCTS_DIR; };
		D7E00366869FAD26903BFFFD /* Pods-GetStockPrices.debug.xcconfig */ = {isa = PBXFileReference; includeInIndex = 1; lastKnownFileType = text.xcconfig; name = "Pods-GetStockPrices.debug.xcconfig"; path = "Target Support Files/Pods-GetStockPrices/Pods-GetStockPrices.debug.xcconfig"; sourceTree = "<group>"; };
/* End PBXFileReference section */

/* Begin PBXFrameworksBuildPhase section */
		636584762945473500A5A61B /* Frameworks */ = {
			isa = PBXFrameworksBuildPhase;
			buildActionMask = 2147483647;
			files = (
				36729E29B1395AD9E12BCB64 /* Pods_GetStockPrices.framework in Frameworks */,
			);
			runOnlyForDeploymentPostprocessing = 0;
		};
/* End PBXFrameworksBuildPhase section */

/* Begin PBXGroup section */
		4A34B5DDF6A770A88B5396D3 /* Pods */ = {
			isa = PBXGroup;
			children = (
				D7E00366869FAD26903BFFFD /* Pods-GetStockPrices.debug.xcconfig */,
				1E60D9DAF5FA56CA8E977621 /* Pods-GetStockPrices.release.xcconfig */,
			);
			path = Pods;
			sourceTree = "<group>";
		};
		636584702945473500A5A61B = {
			isa = PBXGroup;
			children = (
				6365847B2945473500A5A61B /* GetStockPrices */,
				6365847A2945473500A5A61B /* Products */,
				4A34B5DDF6A770A88B5396D3 /* Pods */,
				F4C1C8A4EA9DAB3D81D72299 /* Frameworks */,
			);
			sourceTree = "<group>";
		};
		6365847A2945473500A5A61B /* Products */ = {
			isa = PBXGroup;
			children = (
				636584792945473500A5A61B /* GetStockPrices.app */,
			);
			name = Products;
			sourceTree = "<group>";
		};
		6365847B2945473500A5A61B /* GetStockPrices */ = {
			isa = PBXGroup;
			children = (
				6365847C2945473500A5A61B /* AppDelegate.swift */,
				6365847E2945473500A5A61B /* SceneDelegate.swift */,
				636584802945473500A5A61B /* ViewController.swift */,
				636584822945473500A5A61B /* Main.storyboard */,
				636584852945473600A5A61B /* Assets.xcassets */,
				636584872945473600A5A61B /* LaunchScreen.storyboard */,
				6365848A2945473600A5A61B /* Info.plist */,
				63658490294551B700A5A61B /* DetailsViewController.swift */,
				636584922945568300A5A61B /* CompanyDetail.swift */,
			);
			path = GetStockPrices;
			sourceTree = "<group>";
		};
		F4C1C8A4EA9DAB3D81D72299 /* Frameworks */ = {
			isa = PBXGroup;
			children = (
				745E8E93ABD5B038B81D4D9D /* Pods_GetStockPrices.framework */,
			);
			name = Frameworks;
			sourceTree = "<group>";
		};
/* End PBXGroup section */

/* Begin PBXNativeTarget section */
		636584782945473500A5A61B /* GetStockPrices */ = {
			isa = PBXNativeTarget;
			buildConfigurationList = 6365848D2945473600A5A61B /* Build configuration list for PBXNativeTarget "GetStockPrices" */;
			buildPhases = (
				7F6CE4B741C0E08EDB8DA20E /* [CP] Check Pods Manifest.lock */,
				636584752945473500A5A61B /* Sources */,
				636584762945473500A5A61B /* Frameworks */,
				636584772945473500A5A61B /* Resources */,
				4688115B39A2B288A84406E3 /* [CP] Embed Pods Frameworks */,
			);
			buildRules = (
			);
			dependencies = (
			);
			name = GetStockPrices;
			productName = GetStockPrices;
			productReference = 636584792945473500A5A61B /* GetStockPrices.app */;
			productType = "com.apple.product-type.application";
		};
/* End PBXNativeTarget section */

/* Begin PBXProject section */
		636584712945473500A5A61B /* Project object */ = {
			isa = PBXProject;
			attributes = {
				BuildIndependentTargetsInParallel = 1;
				LastSwiftUpdateCheck = 1400;
				LastUpgradeCheck = 1400;
				TargetAttributes = {
					636584782945473500A5A61B = {
						CreatedOnToolsVersion = 14.0.1;
					};
				};
			};
			buildConfigurationList = 636584742945473500A5A61B /* Build configuration list for PBXProject "GetStockPrices" */;
			compatibilityVersion = "Xcode 14.0";
			developmentRegion = en;
			hasScannedForEncodings = 0;
			knownRegions = (
				en,
				Base,
			);
			mainGroup = 636584702945473500A5A61B;
			productRefGroup = 6365847A2945473500A5A61B /* Products */;
			projectDirPath = "";
			projectRoot = "";
			targets = (
				636584782945473500A5A61B /* GetStockPrices */,
			);
		};
/* End PBXProject section */

/* Begin PBXResourcesBuildPhase section */
		636584772945473500A5A61B /* Resources */ = {
			isa = PBXResourcesBuildPhase;
			buildActionMask = 2147483647;
			files = (
				636584892945473600A5A61B /* LaunchScreen.storyboard in Resources */,
				636584862945473600A5A61B /* Assets.xcassets in Resources */,
				636584842945473500A5A61B /* Main.storyboard in Resources */,
			);
			runOnlyForDeploymentPostprocessing = 0;
		};
/* End PBXResourcesBuildPhase section */

/* Begin PBXShellScriptBuildPhase section */
		4688115B39A2B288A84406E3 /* [CP] Embed Pods Frameworks */ = {
			isa = PBXShellScriptBuildPhase;
			buildActionMask = 2147483647;
			files = (
			);
			inputFileListPaths = (
				"${PODS_ROOT}/Target Support Files/Pods-GetStockPrices/Pods-GetStockPrices-frameworks-${CONFIGURATION}-input-files.xcfilelist",
			);
			name = "[CP] Embed Pods Frameworks";
			outputFileListPaths = (
				"${PODS_ROOT}/Target Support Files/Pods-GetStockPrices/Pods-GetStockPrices-frameworks-${CONFIGURATION}-output-files.xcfilelist",
			);
			runOnlyForDeploymentPostprocessing = 0;
			shellPath = /bin/sh;
			shellScript = "\"${PODS_ROOT}/Target Support Files/Pods-GetStockPrices/Pods-GetStockPrices-frameworks.sh\"\n";
			showEnvVarsInLog = 0;
		};
		7F6CE4B741C0E08EDB8DA20E /* [CP] Check Pods Manifest.lock */ = {
			isa = PBXShellScriptBuildPhase;
			buildActionMask = 2147483647;
			files = (
			);
			inputFileListPaths = (
			);
			inputPaths = (
				"${PODS_PODFILE_DIR_PATH}/Podfile.lock",
				"${PODS_ROOT}/Manifest.lock",
			);
			name = "[CP] Check Pods Manifest.lock";
			outputFileListPaths = (
			);
			outputPaths = (
				"$(DERIVED_FILE_DIR)/Pods-GetStockPrices-checkManifestLockResult.txt",
			);
			runOnlyForDeploymentPostprocessing = 0;
			shellPath = /bin/sh;
			shellScript = "diff \"${PODS_PODFILE_DIR_PATH}/Podfile.lock\" \"${PODS_ROOT}/Manifest.lock\" > /dev/null\nif [ $? != 0 ] ; then\n    # print error to STDERR\n    echo \"error: The sandbox is not in sync with the Podfile.lock. Run 'pod install' or update your CocoaPods installation.\" >&2\n    exit 1\nfi\n# This output is used by Xcode 'outputs' to avoid re-running this script phase.\necho \"SUCCESS\" > \"${SCRIPT_OUTPUT_FILE_0}\"\n";
			showEnvVarsInLog = 0;
		};
/* End PBXShellScriptBuildPhase section */

/* Begin PBXSourcesBuildPhase section */
		636584752945473500A5A61B /* Sources */ = {
			isa = PBXSourcesBuildPhase;
			buildActionMask = 2147483647;
			files = (
				636584812945473500A5A61B /* ViewController.swift in Sources */,
				6365847D2945473500A5A61B /* AppDelegate.swift in Sources */,
				6365847F2945473500A5A61B /* SceneDelegate.swift in Sources */,
				636584932945568300A5A61B /* CompanyDetail.swift in Sources */,
				63658491294551B700A5A61B /* DetailsViewController.swift in Sources */,
			);
			runOnlyForDeploymentPostprocessing = 0;
		};
/* End PBXSourcesBuildPhase section */

/* Begin PBXVariantGroup section */
		636584822945473500A5A61B /* Main.storyboard */ = {
			isa = PBXVariantGroup;
			children = (
				636584832945473500A5A61B /* Base */,
			);
			name = Main.storyboard;
			sourceTree = "<group>";
		};
		636584872945473600A5A61B /* LaunchScreen.storyboard */ = {
			isa = PBXVariantGroup;
			children = (
				636584882945473600A5A61B /* Base */,
			);
			name = LaunchScreen.storyboard;
			sourceTree = "<group>";
		};
/* End PBXVariantGroup section */

/* Begin XCBuildConfiguration section */
		6365848B2945473600A5A61B /* Debug */ = {
			isa = XCBuildConfiguration;
			buildSettings = {
				ALWAYS_SEARCH_USER_PATHS = NO;
				CLANG_ANALYZER_NONNULL = YES;
				CLANG_ANALYZER_NUMBER_OBJECT_CONVERSION = YES_AGGRESSIVE;
				CLANG_CXX_LANGUAGE_STANDARD = "gnu++20";
				CLANG_ENABLE_MODULES = YES;
				CLANG_ENABLE_OBJC_ARC = YES;
				CLANG_ENABLE_OBJC_WEAK = YES;
				CLANG_WARN_BLOCK_CAPTURE_AUTORELEASING = YES;
				CLANG_WARN_BOOL_CONVERSION = YES;
				CLANG_WARN_COMMA = YES;
				CLANG_WARN_CONSTANT_CONVERSION = YES;
				CLANG_WARN_DEPRECATED_OBJC_IMPLEMENTATIONS = YES;
				CLANG_WARN_DIRECT_OBJC_ISA_USAGE = YES_ERROR;
				CLANG_WARN_DOCUMENTATION_COMMENTS = YES;
				CLANG_WARN_EMPTY_BODY = YES;
				CLANG_WARN_ENUM_CONVERSION = YES;
				CLANG_WARN_INFINITE_RECURSION = YES;
				CLANG_WARN_INT_CONVERSION = YES;
				CLANG_WARN_NON_LITERAL_NULL_CONVERSION = YES;
				CLANG_WARN_OBJC_IMPLICIT_RETAIN_SELF = YES;
				CLANG_WARN_OBJC_LITERAL_CONVERSION = YES;
				CLANG_WARN_OBJC_ROOT_CLASS = YES_ERROR;
				CLANG_WARN_QUOTED_INCLUDE_IN_FRAMEWORK_HEADER = YES;
				CLANG_WARN_RANGE_LOOP_ANALYSIS = YES;
				CLANG_WARN_STRICT_PROTOTYPES = YES;
				CLANG_WARN_SUSPICIOUS_MOVE = YES;
				CLANG_WARN_UNGUARDED_AVAILABILITY = YES_AGGRESSIVE;
				CLANG_WARN_UNREACHABLE_CODE = YES;
				CLANG_WARN__DUPLICATE_METHOD_MATCH = YES;
				COPY_PHASE_STRIP = NO;
				DEBUG_INFORMATION_FORMAT = dwarf;
				ENABLE_STRICT_OBJC_MSGSEND = YES;
				ENABLE_TESTABILITY = YES;
				GCC_C_LANGUAGE_STANDARD = gnu11;
				GCC_DYNAMIC_NO_PIC = NO;
				GCC_NO_COMMON_BLOCKS = YES;
				GCC_OPTIMIZATION_LEVEL = 0;
				GCC_PREPROCESSOR_DEFINITIONS = (
					"DEBUG=1",
					"$(inherited)",
				);
				GCC_WARN_64_TO_32_BIT_CONVERSION = YES;
				GCC_WARN_ABOUT_RETURN_TYPE = YES_ERROR;
				GCC_WARN_UNDECLARED_SELECTOR = YES;
				GCC_WARN_UNINITIALIZED_AUTOS = YES_AGGRESSIVE;
				GCC_WARN_UNUSED_FUNCTION = YES;
				GCC_WARN_UNUSED_VARIABLE = YES;
				IPHONEOS_DEPLOYMENT_TARGET = 16.0;
				MTL_ENABLE_DEBUG_INFO = INCLUDE_SOURCE;
				MTL_FAST_MATH = YES;
				ONLY_ACTIVE_ARCH = YES;
				SDKROOT = iphoneos;
				SWIFT_ACTIVE_COMPILATION_CONDITIONS = DEBUG;
				SWIFT_OPTIMIZATION_LEVEL = "-Onone";
			};
			name = Debug;
		};
		6365848C2945473600A5A61B /* Release */ = {
			isa = XCBuildConfiguration;
			buildSettings = {
				ALWAYS_SEARCH_USER_PATHS = NO;
				CLANG_ANALYZER_NONNULL = YES;
				CLANG_ANALYZER_NUMBER_OBJECT_CONVERSION = YES_AGGRESSIVE;
				CLANG_CXX_LANGUAGE_STANDARD = "gnu++20";
				CLANG_ENABLE_MODULES = YES;
				CLANG_ENABLE_OBJC_ARC = YES;
				CLANG_ENABLE_OBJC_WEAK = YES;
				CLANG_WARN_BLOCK_CAPTURE_AUTORELEASING = YES;
				CLANG_WARN_BOOL_CONVERSION = YES;
				CLANG_WARN_COMMA = YES;
				CLANG_WARN_CONSTANT_CONVERSION = YES;
				CLANG_WARN_DEPRECATED_OBJC_IMPLEMENTATIONS = YES;
				CLANG_WARN_DIRECT_OBJC_ISA_USAGE = YES_ERROR;
				CLANG_WARN_DOCUMENTATION_COMMENTS = YES;
				CLANG_WARN_EMPTY_BODY = YES;
				CLANG_WARN_ENUM_CONVERSION = YES;
				CLANG_WARN_INFINITE_RECURSION = YES;
				CLANG_WARN_INT_CONVERSION = YES;
				CLANG_WARN_NON_LITERAL_NULL_CONVERSION = YES;
				CLANG_WARN_OBJC_IMPLICIT_RETAIN_SELF = YES;
				CLANG_WARN_OBJC_LITERAL_CONVERSION = YES;
				CLANG_WARN_OBJC_ROOT_CLASS = YES_ERROR;
				CLANG_WARN_QUOTED_INCLUDE_IN_FRAMEWORK_HEADER = YES;
				CLANG_WARN_RANGE_LOOP_ANALYSIS = YES;
				CLANG_WARN_STRICT_PROTOTYPES = YES;
				CLANG_WARN_SUSPICIOUS_MOVE = YES;
				CLANG_WARN_UNGUARDED_AVAILABILITY = YES_AGGRESSIVE;
				CLANG_WARN_UNREACHABLE_CODE = YES;
				CLANG_WARN__DUPLICATE_METHOD_MATCH = YES;
				COPY_PHASE_STRIP = NO;
				DEBUG_INFORMATION_FORMAT = "dwarf-with-dsym";
				ENABLE_NS_ASSERTIONS = NO;
				ENABLE_STRICT_OBJC_MSGSEND = YES;
				GCC_C_LANGUAGE_STANDARD = gnu11;
				GCC_NO_COMMON_BLOCKS = YES;
				GCC_WARN_64_TO_32_BIT_CONVERSION = YES;
				GCC_WARN_ABOUT_RETURN_TYPE = YES_ERROR;
				GCC_WARN_UNDECLARED_SELECTOR = YES;
				GCC_WARN_UNINITIALIZED_AUTOS = YES_AGGRESSIVE;
				GCC_WARN_UNUSED_FUNCTION = YES;
				GCC_WARN_UNUSED_VARIABLE = YES;
				IPHONEOS_DEPLOYMENT_TARGET = 16.0;
				MTL_ENABLE_DEBUG_INFO = NO;
				MTL_FAST_MATH = YES;
				SDKROOT = iphoneos;
				SWIFT_COMPILATION_MODE = wholemodule;
				SWIFT_OPTIMIZATION_LEVEL = "-O";
				VALIDATE_PRODUCT = YES;
			};
			name = Release;
		};
		6365848E2945473600A5A61B /* Debug */ = {
			isa = XCBuildConfiguration;
			baseConfigurationReference = D7E00366869FAD26903BFFFD /* Pods-GetStockPrices.debug.xcconfig */;
			buildSettings = {
				ASSETCATALOG_COMPILER_APPICON_NAME = AppIcon;
				ASSETCATALOG_COMPILER_GLOBAL_ACCENT_COLOR_NAME = AccentColor;
				CODE_SIGN_STYLE = Automatic;
				CURRENT_PROJECT_VERSION = 1;
				GENERATE_INFOPLIST_FILE = YES;
				INFOPLIST_FILE = GetStockPrices/Info.plist;
				INFOPLIST_KEY_UIApplicationSupportsIndirectInputEvents = YES;
				INFOPLIST_KEY_UILaunchStoryboardName = LaunchScreen;
				INFOPLIST_KEY_UIMainStoryboardFile = Main;
				INFOPLIST_KEY_UISupportedInterfaceOrientations_iPad = "UIInterfaceOrientationPortrait UIInterfaceOrientationPortraitUpsideDown UIInterfaceOrientationLandscapeLeft UIInterfaceOrientationLandscapeRight";
				INFOPLIST_KEY_UISupportedInterfaceOrientations_iPhone = "UIInterfaceOrientationPortrait UIInterfaceOrientationLandscapeLeft UIInterfaceOrientationLandscapeRight";
				LD_RUNPATH_SEARCH_PATHS = (
					"$(inherited)",
					"@executable_path/Frameworks",
				);
				MARKETING_VERSION = 1.0;
				PRODUCT_BUNDLE_IDENTIFIER = edu.northeastern.chen.GetStockPrices;
				PRODUCT_NAME = "$(TARGET_NAME)";
				SWIFT_EMIT_LOC_STRINGS = YES;
				SWIFT_VERSION = 5.0;
				TARGETED_DEVICE_FAMILY = "1,2";
			};
			name = Debug;
		};
		6365848F2945473600A5A61B /* Release */ = {
			isa = XCBuildConfiguration;
			baseConfigurationReference = 1E60D9DAF5FA56CA8E977621 /* Pods-GetStockPrices.release.xcconfig */;
			buildSettings = {
				ASSETCATALOG_COMPILER_APPICON_NAME = AppIcon;
				ASSETCATALOG_COMPILER_GLOBAL_ACCENT_COLOR_NAME = AccentColor;
				CODE_SIGN_STYLE = Automatic;
				CURRENT_PROJECT_VERSION = 1;
				GENERATE_INFOPLIST_FILE = YES;
				INFOPLIST_FILE = GetStockPrices/Info.plist;
				INFOPLIST_KEY_UIApplicationSupportsIndirectInputEvents = YES;
				INFOPLIST_KEY_UILaunchStoryboardName = LaunchScreen;
				INFOPLIST_KEY_UIMainStoryboardFile = Main;
				INFOPLIST_KEY_UISupportedInterfaceOrientations_iPad = "UIInterfaceOrientationPortrait UIInterfaceOrientationPortraitUpsideDown UIInterfaceOrientationLandscapeLeft UIInterfaceOrientationLandscapeRight";
				INFOPLIST_KEY_UISupportedInterfaceOrientations_iPhone = "UIInterfaceOrientationPortrait UIInterfaceOrientationLandscapeLeft UIInterfaceOrientationLandscapeRight";
				LD_RUNPATH_SEARCH_PATHS = (
					"$(inherited)",
					"@executable_path/Frameworks",
				);
				MARKETING_VERSION = 1.0;
				PRODUCT_BUNDLE_IDENTIFIER = edu.northeastern.chen.GetStockPrices;
				PRODUCT_NAME = "$(TARGET_NAME)";
				SWIFT_EMIT_LOC_STRINGS = YES;
				SWIFT_VERSION = 5.0;
				TARGETED_DEVICE_FAMILY = "1,2";
			};
			name = Release;
		};
/* End XCBuildConfiguration section */

/* Begin XCConfigurationList section */
		636584742945473500A5A61B /* Build configuration list for PBXProject "GetStockPrices" */ = {
			isa = XCConfigurationList;
			buildConfigurations = (
				6365848B2945473600A5A61B /* Debug */,
				6365848C2945473600A5A61B /* Release */,
			);
			defaultConfigurationIsVisible = 0;
			defaultConfigurationName = Release;
		};
		6365848D2945473600A5A61B /* Build configuration list for PBXNativeTarget "GetStockPrices" */ = {
			isa = XCConfigurationList;
			buildConfigurations = (
				6365848E2945473600A5A61B /* Debug */,
				6365848F2945473600A5A61B /* Release */,
			);
			defaultConfigurationIsVisible = 0;
			defaultConfigurationName = Release;
		};
/* End XCConfigurationList section */
	};
	rootObject = 636584712945473500A5A61B /* Project object */;
}
